
Microsoft Visual Studio Solution File, Format Version 12.00
# Visual Studio 15
VisualStudioVersion = 15.0.28307.705
MinimumVisualStudioVersion = 10.0.40219.1
Project("{FAE04EC0-301F-11D3-BF4B-00C04F79EFBC}") = "Ejercicio1_Solucion1", "Ejercicio1_Solucion1\Ejercicio1_Solucion1.csproj", "{7C921091-9339-4995-8490-48C187956E80}"
EndProject
Project("{FAE04EC0-301F-11D3-BF4B-00C04F79EFBC}") = "Ejercicio1_Solucion2", "Ejercicio1_Solucion2\Ejercicio1_Solucion2.csproj", "{FD62A698-16E3-4DFB-9CA2-72F8C39AED44}"
EndProject
Project("{FAE04EC0-301F-11D3-BF4B-00C04F79EFBC}") = "Ejercicio4_Solucion1", "Ejercicio4_Solucion1\Ejercicio4_Solucion1.csproj", "{72BE5FEA-C754-4043-B722-F0863FE34A58}"
EndProject
Global
	GlobalSection(SolutionConfigurationPlatforms) = preSolution
		Debug|Any CPU = Debug|Any CPU
		Release|Any CPU = Release|Any CPU
	EndGlobalSection
	GlobalSection(ProjectConfigurationPlatforms) = postSolution
		{7C921091-9339-4995-8490-48C187956E80}.Debug|Any CPU.ActiveCfg = Debug|Any CPU
		{7C921091-9339-4995-8490-48C187956E80}.Debug|Any CPU.Build.0 = Debug|Any CPU
		{7C921091-9339-4995-8490-48C187956E80}.Release|Any CPU.ActiveCfg = Release|Any CPU
		{7C921091-9339-4995-8490-48C187956E80}.Release|Any CPU.Build.0 = Release|Any CPU
		{FD62A698-16E3-4DFB-9CA2-72F8C39AED44}.Debug|Any CPU.ActiveCfg = Debug|Any CPU
		{FD62A698-16E3-4DFB-9CA2-72F8C39AED44}.Debug|Any CPU.Build.0 = Debug|Any CPU
		{FD62A698-16E3-4DFB-9CA2-72F8C39AED44}.Release|Any CPU.ActiveCfg = Release|Any CPU
		{FD62A698-16E3-4DFB-9CA2-72F8C39AED44}.Release|Any CPU.Build.0 = Release|Any CPU
		{72BE5FEA-C754-4043-B722-F0863FE34A58}.Debug|Any CPU.ActiveCfg = Debug|Any CPU
		{72BE5FEA-C754-4043-B722-F0863FE34A58}.Debug|Any CPU.Build.0 = Debug|Any CPU
		{72BE5FEA-C754-4043-B722-F0863FE34A58}.Release|Any CPU.ActiveCfg = Release|Any CPU
		{72BE5FEA-C754-4043-B722-F0863FE34A58}.Release|Any CPU.Build.0 = Release|Any CPU
	EndGlobalSection
	GlobalSection(SolutionProperties) = preSolution
		HideSolutionNode = FALSE
	EndGlobalSection
	GlobalSection(ExtensibilityGlobals) = postSolution
		SolutionGuid = {8BA9300F-B501-4D5A-9BE7-7E2185159CD6}
	EndGlobalSection
EndGlobal
